
Microsoft Visual Studio Solution File, Format Version 12.00
# Visual Studio Version 17
VisualStudioVersion = 17.0.31903.59
MinimumVisualStudioVersion = 10.0.40219.1
Project("{FAE04EC0-301F-11D3-BF4B-00C04F79EFBC}") = "HIBPwned.Client", "HIBPwned.Client\HIBPwned.Client.csproj", "{0DE566BE-6305-494E-99C4-E26171B8AFF7}"
EndProject
Project("{FAE04EC0-301F-11D3-BF4B-00C04F79EFBC}") = "HIBPwned.Tests", "HIBPwned.Tests\HIBPwned.Tests.csproj", "{00975969-C54B-4BB0-A2EB-49A0BEB76DEC}"
EndProject
Global
	GlobalSection(SolutionConfigurationPlatforms) = preSolution
		Debug|Any CPU = Debug|Any CPU
		Release|Any CPU = Release|Any CPU
	EndGlobalSection
	GlobalSection(SolutionProperties) = preSolution
		HideSolutionNode = FALSE
	EndGlobalSection
	GlobalSection(ProjectConfigurationPlatforms) = postSolution
		{0DE566BE-6305-494E-99C4-E26171B8AFF7}.Debug|Any CPU.ActiveCfg = Debug|Any CPU
		{0DE566BE-6305-494E-99C4-E26171B8AFF7}.Debug|Any CPU.Build.0 = Debug|Any CPU
		{0DE566BE-6305-494E-99C4-E26171B8AFF7}.Release|Any CPU.ActiveCfg = Release|Any CPU
		{0DE566BE-6305-494E-99C4-E26171B8AFF7}.Release|Any CPU.Build.0 = Release|Any CPU
		{00975969-C54B-4BB0-A2EB-49A0BEB76DEC}.Debug|Any CPU.ActiveCfg = Debug|Any CPU
		{00975969-C54B-4BB0-A2EB-49A0BEB76DEC}.Debug|Any CPU.Build.0 = Debug|Any CPU
		{00975969-C54B-4BB0-A2EB-49A0BEB76DEC}.Release|Any CPU.ActiveCfg = Release|Any CPU
		{00975969-C54B-4BB0-A2EB-49A0BEB76DEC}.Release|Any CPU.Build.0 = Release|Any CPU
	EndGlobalSection
EndGlobal
